{
  "name": "lottery-platform",
  "version": "0.0.0",
  "lockfileVersion": 3,
  "requires": true,
  "packages": {
    "": {
      "name": "lottery-platform",
      "version": "0.0.0",
      "dependencies": {
        "@supabase/supabase-js": "^2.107.0"
      },
      "devDependencies": {
        "turbo": "latest"
      }
    },
    "node_modules/@supabase/auth-js": {
      "version": "2.107.0",
      "resolved": "https://registry.npmjs.org/@supabase/auth-js/-/auth-js-2.107.0.tgz",
      "integrity": "sha512-XA7x+WIeIvuC3GTZ2ey67QcBbGw4n+o5B7M+dMm9KT1lL3wX1B52DfEWW00WuPt/LnniJLLIn1WIm9YPtuxzKQ==",
      "license": "MIT",
      "dependencies": {
        "tslib": "2.8.1"
      },
      "engines": {
        "node": ">=20.0.0"
      }
    },
    "node_modules/@supabase/functions-js": {
      "version": "2.107.0",
      "resolved": "https://registry.npmjs.org/@supabase/functions-js/-/functions-js-2.107.0.tgz",
      "integrity": "sha512-iMtRUmEj1KOgQd/a3MR4hnBlPnZc62DW8+z8aPpnzbxWkexEZUVL2fSgvvp15gqFg1V55e2yMGqgK+yhSQxp5w==",
      "license": "MIT",
      "dependencies": {
        "tslib": "2.8.1"
      },
      "engines": {
        "node": ">=20.0.0"
      }
    },
    "node_modules/@supabase/phoenix": {
      "version": "0.4.2",
      "resolved": "https://registry.npmjs.org/@supabase/phoenix/-/phoenix-0.4.2.tgz",
      "integrity": "sha512-YSAGnmDAfuleFCVt3CeurQZAhxRfXWeZIIkwp7NhYzQ1UwW6ePSnzsFAiUm/mbCkfoCf70QQHKW/K6RKh52a4A==",
      "license": "MIT"
    },
    "node_modules/@supabase/postgrest-js": {
      "version": "2.107.0",
      "resolved": "https://registry.npmjs.org/@supabase/postgrest-js/-/postgrest-js-2.107.0.tgz",
      "integrity": "sha512-7ARs47/tyIjX7T0Ive20d4NY8zQYXsP5/P07jJWxffSIM2gpnSnGRnL/Fe15GPbdjsW2sTYeckHcyaoKbM6yWQ==",
      "license": "MIT",
      "dependencies": {
        "tslib": "2.8.1"
      },
      "engines": {
        "node": ">=20.0.0"
      }
    },
    "node_modules/@supabase/realtime-js": {
      "version": "2.107.0",
      "resolved": "https://registry.npmjs.org/@supabase/realtime-js/-/realtime-js-2.107.0.tgz",
      "integrity": "sha512-cF2KYdR3JIn9YlWGeluY9S0G+otqTdL6hB8GzpatlEIY6fZudCcyFo6Dc3+X9tjeb+x9XcIyNAk9qhNAknjH1A==",
      "license": "MIT",
      "dependencies": {
        "@supabase/phoenix": "^0.4.2",
        "tslib": "2.8.1"
      },
      "engines": {
        "node": ">=20.0.0"
      }
    },
    "node_modules/@supabase/storage-js": {
      "version": "2.107.0",
      "resolved": "https://registry.npmjs.org/@supabase/storage-js/-/storage-js-2.107.0.tgz",
      "integrity": "sha512-/X8OOVwKBn8aVKuHAGOz2yLA0d2OauqhVuy4mNtN+o7wttHOgx1/j+pqOzlsjmhOHrYykF6AJNZhs3gKZzcMUw==",
      "license": "MIT",
      "dependencies": {
        "iceberg-js": "^0.8.1",
        "tslib": "2.8.1"
      },
      "engines": {
        "node": ">=20.0.0"
      }
    },
    "node_modules/@supabase/supabase-js": {
      "version": "2.107.0",
      "resolved": "https://registry.npmjs.org/@supabase/supabase-js/-/supabase-js-2.107.0.tgz",
      "integrity": "sha512-ChKzdlWVweMUUhr0U79JhMmgm1haS/C5JquaiCDr70JaGARRtjjoY9rkIheXWybXxTSNzRiQs3Sk8IAg1HS3ZA==",
      "license": "MIT",
      "dependencies": {
        "@supabase/auth-js": "2.107.0",
        "@supabase/functions-js": "2.107.0",
        "@supabase/postgrest-js": "2.107.0",
        "@supabase/realtime-js": "2.107.0",
        "@supabase/storage-js": "2.107.0"
      },
      "engines": {
        "node": ">=20.0.0"
      }
    },
    "node_modules/@turbo/darwin-64": {
      "version": "2.9.16",
      "resolved": "https://registry.npmjs.org/@turbo/darwin-64/-/darwin-64-2.9.16.tgz",
      "integrity": "sha512-jLjApWTSNd7JZ5JaLYfelW1ytnGQOvB7ivl+2RD1xQvJTbi8I9gBjzcga7tDZVPyaxpl10YTfJt3BrYXR18KDw==",
      "cpu": [
        "x64"
      ],
      "dev": true,
      "license": "MIT",
      "optional": true,
      "os": [
        "darwin"
      ]
    },
    "node_modules/@turbo/darwin-arm64": {
      "version": "2.9.16",
      "resolved": "https://registry.npmjs.org/@turbo/darwin-arm64/-/darwin-arm64-2.9.16.tgz",
      "integrity": "sha512-YPgrn+5HIGzrx0O2a631SV4MBQUe4W/DafMFUuBVgaU32PW9/OTT0ehviF0QSxTXuRJlHvW2eUTemddF5/spmw==",
      "cpu": [
        "arm64"
      ],
      "dev": true,
      "license": "MIT",
      "optional": true,
      "os": [
        "darwin"
      ]
    },
    "node_modules/@turbo/linux-64": {
      "version": "2.9.16",
      "resolved": "https://registry.npmjs.org/@turbo/linux-64/-/linux-64-2.9.16.tgz",
      "integrity": "sha512-vAEf1H6l26lTpl9FJ/peQo1NUB8RC0sbEJJz5mPcUhHA2bPDup2x3CZPgo/bH8S4cUcBLm4FN3UHd5iUO2RAew==",
      "cpu": [
        "x64"
      ],
      "dev": true,
      "license": "MIT",
      "optional": true,
      "os": [
        "linux"
      ]
    },
    "node_modules/@turbo/linux-arm64": {
      "version": "2.9.16",
      "resolved": "https://registry.npmjs.org/@turbo/linux-arm64/-/linux-arm64-2.9.16.tgz",
      "integrity": "sha512-xDBLR2PZg4BrQOchfG6svgpv5FCNJ2TOtT2psLdEJcdKo1BH+pnPs9Xj6pvUjgfkHbuvBOfeE4R6tvxMoQKDHQ==",
      "cpu": [
        "arm64"
      ],
      "dev": true,
      "license": "MIT",
      "optional": true,
      "os": [
        "linux"
      ]
    },
    "node_modules/@turbo/windows-64": {
      "version": "2.9.16",
      "resolved": "https://registry.npmjs.org/@turbo/windows-64/-/windows-64-2.9.16.tgz",
      "integrity": "sha512-NBAJnaUiGdgkSzQwUIdOvkCkcpTSu58G/sBGa0mvBtzfvFOOgrQwepKOOQ8cp6sWM6OcKDNFj2p1dsZA1OWjPg==",
      "cpu": [
        "x64"
      ],
      "dev": true,
      "license": "MIT",
      "optional": true,
      "os": [
        "win32"
      ]
    },
    "node_modules/@turbo/windows-arm64": {
      "version": "2.9.16",
      "resolved": "https://registry.npmjs.org/@turbo/windows-arm64/-/windows-arm64-2.9.16.tgz",
      "integrity": "sha512-Y7SJppD0Z8wjO3Ec0ZGd9KQ4Yv0BMnA8CIowj5Vp+OEVsosXDG2weK6/t1RRLfJmc2Ozrnd6y4DOgQys+mn3WQ==",
      "cpu": [
        "arm64"
      ],
      "dev": true,
      "license": "MIT",
      "optional": true,
      "os": [
        "win32"
      ]
    },
    "node_modules/iceberg-js": {
      "version": "0.8.1",
      "resolved": "https://registry.npmjs.org/iceberg-js/-/iceberg-js-0.8.1.tgz",
      "integrity": "sha512-1dhVQZXhcHje7798IVM+xoo/1ZdVfzOMIc8/rgVSijRK38EDqOJoGula9N/8ZI5RD8QTxNQtK/Gozpr+qUqRRA==",
      "license": "MIT",
      "engines": {
        "node": ">=20.0.0"
      }
    },
    "node_modules/tslib": {
      "version": "2.8.1",
      "resolved": "https://registry.npmjs.org/tslib/-/tslib-2.8.1.tgz",
      "integrity": "sha512-oJFu94HQb+KVduSUQL7wnpmqnfmLsOA/nAh6b6EH0wCEoK0/mPeXU6c3wKDV83MkOuHPRHtSXKKU99IBazS/2w==",
      "license": "0BSD"
    },
    "node_modules/turbo": {
      "version": "2.9.16",
      "resolved": "https://registry.npmjs.org/turbo/-/turbo-2.9.16.tgz",
      "integrity": "sha512-NqgRQy6j6dPYcdSdv0q1g9QsZg7SWg87RERM8otw/1AtKU2yTFVClOM7cbwKzOonZr/Ek1blTBucw64L9H0Bwg==",
      "dev": true,
      "license": "MIT",
      "bin": {
        "turbo": "bin/turbo"
      },
      "optionalDependencies": {
        "@turbo/darwin-64": "2.9.16",
        "@turbo/darwin-arm64": "2.9.16",
        "@turbo/linux-64": "2.9.16",
        "@turbo/linux-arm64": "2.9.16",
        "@turbo/windows-64": "2.9.16",
        "@turbo/windows-arm64": "2.9.16"
      }
    }
  }
}
